PODS:
  - AcuantiOSSDKV11 (11.5.1):
    - AcuantiOSSDKV11/AcuantCamera (= 11.5.1)
    - AcuantiOSSDKV11/AcuantCommon (= 11.5.1)
    - AcuantiOSSDKV11/AcuantDocumentProcessing (= 11.5.1)
    - AcuantiOSSDKV11/AcuantEchipReader (= 11.5.1)
    - AcuantiOSSDKV11/AcuantFaceCapture (= 11.5.1)
    - AcuantiOSSDKV11/AcuantFaceMatch (= 11.5.1)
    - AcuantiOSSDKV11/AcuantHGLiveness (= 11.5.1)
    - AcuantiOSSDKV11/AcuantImagePreparation (= 11.5.1)
    - AcuantiOSSDKV11/AcuantIPLiveness (= 11.5.1)
    - AcuantiOSSDKV11/AcuantPassiveLiveness (= 11.5.1)
  - AcuantiOSSDKV11/AcuantCamera (11.5.1):
    - AcuantiOSSDKV11/AcuantCamera/Common (= 11.5.1)
    - AcuantiOSSDKV11/AcuantCamera/Document (= 11.5.1)
    - AcuantiOSSDKV11/AcuantCamera/Mrz (= 11.5.1)
    - AcuantiOSSDKV11/AcuantCommon
    - AcuantiOSSDKV11/AcuantImagePreparation
  - AcuantiOSSDKV11/AcuantCamera/Common (11.5.1):
    - AcuantiOSSDKV11/AcuantCommon
    - AcuantiOSSDKV11/AcuantImagePreparation
  - AcuantiOSSDKV11/AcuantCamera/Document (11.5.1):
    - AcuantiOSSDKV11/AcuantCamera/Common
    - AcuantiOSSDKV11/AcuantCommon
    - AcuantiOSSDKV11/AcuantImagePreparation
  - AcuantiOSSDKV11/AcuantCamera/Mrz (11.5.1):
    - AcuantiOSSDKV11/AcuantCamera/Common
    - AcuantiOSSDKV11/AcuantCommon
    - AcuantiOSSDKV11/AcuantImagePreparation
  - AcuantiOSSDKV11/AcuantCommon (11.5.1)
  - AcuantiOSSDKV11/AcuantDocumentProcessing (11.5.1):
    - AcuantiOSSDKV11/AcuantCommon
  - AcuantiOSSDKV11/AcuantEchipReader (11.5.1):
    - AcuantiOSSDKV11/AcuantCommon
  - AcuantiOSSDKV11/AcuantFaceCapture (11.5.1):
    - AcuantiOSSDKV11/AcuantCommon
    - AcuantiOSSDKV11/AcuantImagePreparation
  - AcuantiOSSDKV11/AcuantFaceMatch (11.5.1):
    - AcuantiOSSDKV11/AcuantCommon
  - AcuantiOSSDKV11/AcuantHGLiveness (11.5.1):
    - AcuantiOSSDKV11/AcuantCommon
  - AcuantiOSSDKV11/AcuantImagePreparation (11.5.1):
    - AcuantiOSSDKV11/AcuantCommon
  - AcuantiOSSDKV11/AcuantIPLiveness (11.5.1):
    - AcuantiOSSDKV11/AcuantCommon
    - iProov (~> 8.4.0)
    - KeychainAccess (~> 4.2)
    - SwiftyJSON (~> 5.0)
  - AcuantiOSSDKV11/AcuantPassiveLiveness (11.5.1):
    - AcuantiOSSDKV11/AcuantCommon
  - iProov (8.4.0):
    - Socket.IO-Client-Swift (~> 15.2)
  - KeychainAccess (4.2.2)
  - MaterialComponents/AnimationTiming (117.0.0)
  - MaterialComponents/Availability (117.0.0)
  - MaterialComponents/Buttons (117.0.0):
    - MaterialComponents/Elevation
    - MaterialComponents/Ink
    - MaterialComponents/private/Math
    - MaterialComponents/Ripple
    - MaterialComponents/ShadowElevations
    - MaterialComponents/ShadowLayer
    - MaterialComponents/ShapeLibrary
    - MaterialComponents/Shapes
    - MaterialComponents/Typography
    - MDFInternationalization
    - MDFTextAccessibility
  - MaterialComponents/Chips (117.0.0):
    - MaterialComponents/Elevation
    - MaterialComponents/Ink
    - MaterialComponents/private/Math
    - MaterialComponents/Ripple
    - MaterialComponents/ShadowElevations
    - MaterialComponents/ShadowLayer
    - MaterialComponents/ShapeLibrary
    - MaterialComponents/Shapes
    - MaterialComponents/TextFields
    - MaterialComponents/Typography
    - MDFInternationalization
  - MaterialComponents/Elevation (117.0.0):
    - MaterialComponents/Availability
    - MaterialComponents/private/Color
    - MaterialComponents/private/Math
  - MaterialComponents/Ink (117.0.0):
    - MaterialComponents/Availability
    - MaterialComponents/private/Color
    - MaterialComponents/private/Math
  - MaterialComponents/Palettes (117.0.0)
  - MaterialComponents/private/Application (117.0.0)
  - MaterialComponents/private/Color (117.0.0):
    - MaterialComponents/Availability
  - MaterialComponents/private/Math (117.0.0)
  - MaterialComponents/Ripple (117.0.0):
    - MaterialComponents/AnimationTiming
    - MaterialComponents/Availability
    - MaterialComponents/private/Color
    - MaterialComponents/private/Math
  - MaterialComponents/ShadowElevations (117.0.0)
  - MaterialComponents/ShadowLayer (117.0.0):
    - MaterialComponents/ShadowElevations
  - MaterialComponents/ShapeLibrary (117.0.0):
    - MaterialComponents/private/Math
    - MaterialComponents/Shapes
  - MaterialComponents/Shapes (117.0.0):
    - MaterialComponents/private/Color
    - MaterialComponents/private/Math
    - MaterialComponents/ShadowLayer
  - MaterialComponents/TextFields (117.0.0):
    - MaterialComponents/AnimationTiming
    - MaterialComponents/Buttons
    - MaterialComponents/Elevation
    - MaterialComponents/Palettes
    - MaterialComponents/private/Math
    - MaterialComponents/Typography
    - MDFInternationalization
  - MaterialComponents/Typography (117.0.0):
    - MaterialComponents/private/Application
    - MaterialComponents/private/Math
    - MDFTextAccessibility
  - MDFInternationalization (2.0.0)
  - MDFTextAccessibility (2.0.0)
  - Presentr (1.9)
  - Socket.IO-Client-Swift (15.2.0):
    - Starscream (~> 3.1)
  - Starscream (3.1.1)
  - SwiftLint (0.39.2)
  - SwiftyJSON (5.0.1)

DEPENDENCIES:
  - AcuantiOSSDKV11 (~> 11.5.1)
  - AcuantiOSSDKV11/AcuantCamera
  - MaterialComponents/Chips
  - Presentr (~> 1.9.0)
  - SwiftLint

SPEC REPOS:
  trunk:
    - AcuantiOSSDKV11
    - iProov
    - KeychainAccess
    - MaterialComponents
    - MDFInternationalization
    - MDFTextAccessibility
    - Presentr
    - Socket.IO-Client-Swift
    - Starscream
    - SwiftLint
    - SwiftyJSON

SPEC CHECKSUMS:
  AcuantiOSSDKV11: e7d9b96346929d2a9566d3a50dd781a93a31bc8f
  iProov: 94dc03f2fa0e29426dd915fe33678ec7666d8505
  KeychainAccess: c0c4f7f38f6fc7bbe58f5702e25f7bd2f65abf51
  MaterialComponents: 29320b6a89c4c90e41c7a41fc70e91127ac34161
  MDFInternationalization: 010097556d6b09d2c4ea38e0820ea6d37be6a314
  MDFTextAccessibility: 85c09a1bd9c321f494348e632a25063bcda35a53
  Presentr: 7078d7eb5d1661ebeaae60c9e42a1e534de1b993
  Socket.IO-Client-Swift: 1e3e3a1f09f3312a167f0d781eb2f383d477357c
  Starscream: 4bb2f9942274833f7b4d296a55504dcfc7edb7b0
  SwiftLint: 22ccbbe3b8008684be5955693bab135e0ed6a447
  SwiftyJSON: 2f33a42c6fbc52764d96f13368585094bfd8aa5e

PODFILE CHECKSUM: abe7accef6864b1c7d252b81a3c8777a0f3bf4b8

COCOAPODS: 1.10.1
